
Microsoft Visual Studio Solution File, Format Version 11.00
# Visual Studio 2010
Project("{FAE04EC0-301F-11D3-BF4B-00C04F79EFBC}") = "FisicasyEventos", "Assembly-CSharp-firstpass.csproj", "{BDB578C4-ABE9-E77D-1C64-C64C399CB17C}"
EndProject
Project("{FAE04EC0-301F-11D3-BF4B-00C04F79EFBC}") = "FisicasyEventos", "Assembly-CSharp-Editor-firstpass.csproj", "{B46433B3-04D3-9A8E-E131-60C26191AB6D}"
EndProject
Global
	GlobalSection(SolutionConfigurationPlatforms) = preSolution
		Debug|Any CPU = Debug|Any CPU
		Release|Any CPU = Release|Any CPU
	EndGlobalSection
	GlobalSection(ProjectConfigurationPlatforms) = postSolution
		{BDB578C4-ABE9-E77D-1C64-C64C399CB17C}.Debug|Any CPU.ActiveCfg = Debug|Any CPU
		{BDB578C4-ABE9-E77D-1C64-C64C399CB17C}.Debug|Any CPU.Build.0 = Debug|Any CPU
		{BDB578C4-ABE9-E77D-1C64-C64C399CB17C}.Release|Any CPU.ActiveCfg = Release|Any CPU
		{BDB578C4-ABE9-E77D-1C64-C64C399CB17C}.Release|Any CPU.Build.0 = Release|Any CPU
		{B46433B3-04D3-9A8E-E131-60C26191AB6D}.Debug|Any CPU.ActiveCfg = Debug|Any CPU
		{B46433B3-04D3-9A8E-E131-60C26191AB6D}.Debug|Any CPU.Build.0 = Debug|Any CPU
		{B46433B3-04D3-9A8E-E131-60C26191AB6D}.Release|Any CPU.ActiveCfg = Release|Any CPU
		{B46433B3-04D3-9A8E-E131-60C26191AB6D}.Release|Any CPU.Build.0 = Release|Any CPU
	EndGlobalSection
	GlobalSection(SolutionProperties) = preSolution
		HideSolutionNode = FALSE
	EndGlobalSection
	GlobalSection(MonoDevelopProperties) = preSolution
		StartupItem = Assembly-CSharp.csproj
	EndGlobalSection
EndGlobal
